
Microsoft Visual Studio Solution File, Format Version 12.00
# Visual Studio 14
VisualStudioVersion = 14.0.25420.1
MinimumVisualStudioVersion = 10.0.40219.1
Project("{FAE04EC0-301F-11D3-BF4B-00C04F79EFBC}") = "Task2.Logic", "Task2.Logic\Task2.Logic.csproj", "{A1F0DE0B-75A2-43CA-A318-DD18FFDB419B}"
EndProject
Project("{FAE04EC0-301F-11D3-BF4B-00C04F79EFBC}") = "Task2.Tests", "Task2.Tests\Task2.Tests.csproj", "{30BA326E-6B66-4C33-ABCF-7BF143885438}"
EndProject
Project("{FAE04EC0-301F-11D3-BF4B-00C04F79EFBC}") = "Task1.Logic", "Task1.Logic\Task1.Logic.csproj", "{14F42346-950C-47D3-B990-6C61CDB5D3BD}"
EndProject
Project("{FAE04EC0-301F-11D3-BF4B-00C04F79EFBC}") = "Task1.Tests", "Task1.Tests\Task1.Tests.csproj", "{CC668584-4EEC-4A6C-9ABE-8D1D108389BB}"
EndProject
Global
	GlobalSection(SolutionConfigurationPlatforms) = preSolution
		Debug|Any CPU = Debug|Any CPU
		Release|Any CPU = Release|Any CPU
	EndGlobalSection
	GlobalSection(ProjectConfigurationPlatforms) = postSolution
		{A1F0DE0B-75A2-43CA-A318-DD18FFDB419B}.Debug|Any CPU.ActiveCfg = Debug|Any CPU
		{A1F0DE0B-75A2-43CA-A318-DD18FFDB419B}.Debug|Any CPU.Build.0 = Debug|Any CPU
		{A1F0DE0B-75A2-43CA-A318-DD18FFDB419B}.Release|Any CPU.ActiveCfg = Release|Any CPU
		{A1F0DE0B-75A2-43CA-A318-DD18FFDB419B}.Release|Any CPU.Build.0 = Release|Any CPU
		{30BA326E-6B66-4C33-ABCF-7BF143885438}.Debug|Any CPU.ActiveCfg = Debug|Any CPU
		{30BA326E-6B66-4C33-ABCF-7BF143885438}.Debug|Any CPU.Build.0 = Debug|Any CPU
		{30BA326E-6B66-4C33-ABCF-7BF143885438}.Release|Any CPU.ActiveCfg = Release|Any CPU
		{30BA326E-6B66-4C33-ABCF-7BF143885438}.Release|Any CPU.Build.0 = Release|Any CPU
		{14F42346-950C-47D3-B990-6C61CDB5D3BD}.Debug|Any CPU.ActiveCfg = Debug|Any CPU
		{14F42346-950C-47D3-B990-6C61CDB5D3BD}.Debug|Any CPU.Build.0 = Debug|Any CPU
		{14F42346-950C-47D3-B990-6C61CDB5D3BD}.Release|Any CPU.ActiveCfg = Release|Any CPU
		{14F42346-950C-47D3-B990-6C61CDB5D3BD}.Release|Any CPU.Build.0 = Release|Any CPU
		{CC668584-4EEC-4A6C-9ABE-8D1D108389BB}.Debug|Any CPU.ActiveCfg = Debug|Any CPU
		{CC668584-4EEC-4A6C-9ABE-8D1D108389BB}.Debug|Any CPU.Build.0 = Debug|Any CPU
		{CC668584-4EEC-4A6C-9ABE-8D1D108389BB}.Release|Any CPU.ActiveCfg = Release|Any CPU
		{CC668584-4EEC-4A6C-9ABE-8D1D108389BB}.Release|Any CPU.Build.0 = Release|Any CPU
	EndGlobalSection
	GlobalSection(SolutionProperties) = preSolution
		HideSolutionNode = FALSE
	EndGlobalSection
EndGlobal
